// !$*UTF8*$!
{
	archiveVersion = 1;
	classes = {
	};
	objectVersion = 50;
	objects = {

/* Begin PBXBuildFile section */
		A56693E6246F2BB500E2D352 /* AppDelegate.swift in Sources */ = {isa = PBXBuildFile; fileRef = A56693E5246F2BB500E2D352 /* AppDelegate.swift */; };
		A56693E8246F2BB500E2D352 /* SceneDelegate.swift in Sources */ = {isa = PBXBuildFile; fileRef = A56693E7246F2BB500E2D352 /* SceneDelegate.swift */; };
		A56693EA246F2BB500E2D352 /* ViewController.swift in Sources */ = {isa = PBXBuildFile; fileRef = A56693E9246F2BB500E2D352 /* ViewController.swift */; };
		A56693ED246F2BB500E2D352 /* Main.storyboard in Resources */ = {isa = PBXBuildFile; fileRef = A56693EB246F2BB500E2D352 /* Main.storyboard */; };
		A56693EF246F2BBA00E2D352 /* Assets.xcassets in Resources */ = {isa = PBXBuildFile; fileRef = A56693EE246F2BBA00E2D352 /* Assets.xcassets */; };
		A56693F2246F2BBA00E2D352 /* LaunchScreen.storyboard in Resources */ = {isa = PBXBuildFile; fileRef = A56693F0246F2BBA00E2D352 /* LaunchScreen.storyboard */; };
		A56693FD246F2BBB00E2D352 /* ClickCounter2Tests.swift in Sources */ = {isa = PBXBuildFile; fileRef = A56693FC246F2BBB00E2D352 /* ClickCounter2Tests.swift */; };
		A5669408246F2BBB00E2D352 /* ClickCounter2UITests.swift in Sources */ = {isa = PBXBuildFile; fileRef = A5669407246F2BBB00E2D352 /* ClickCounter2UITests.swift */; };
/* End PBXBuildFile section */

/* Begin PBXContainerItemProxy section */
		A56693F9246F2BBB00E2D352 /* PBXContainerItemProxy */ = {
			isa = PBXContainerItemProxy;
			containerPortal = A56693DA246F2BB500E2D352 /* Project object */;
			proxyType = 1;
			remoteGlobalIDString = A56693E1246F2BB500E2D352;
			remoteInfo = ClickCounter2;
		};
		A5669404246F2BBB00E2D352 /* PBXContainerItemProxy */ = {
			isa = PBXContainerItemProxy;
			containerPortal = A56693DA246F2BB500E2D352 /* Project object */;
			proxyType = 1;
			remoteGlobalIDString = A56693E1246F2BB500E2D352;
			remoteInfo = ClickCounter2;
		};
/* End PBXContainerItemProxy section */

/* Begin PBXFileReference section */
		A56693E2246F2BB500E2D352 /* ClickCounter2.app */ = {isa = PBXFileReference; explicitFileType = wrapper.application; includeInIndex = 0; path = ClickCounter2.app; sourceTree = BUILT_PRODUCTS_DIR; };
		A56693E5246F2BB500E2D352 /* AppDelegate.swift */ = {isa = PBXFileReference; lastKnownFileType = sourcecode.swift; path = AppDelegate.swift; sourceTree = "<group>"; };
		A56693E7246F2BB500E2D352 /* SceneDelegate.swift */ = {isa = PBXFileReference; lastKnownFileType = sourcecode.swift; path = SceneDelegate.swift; sourceTree = "<group>"; };
		A56693E9246F2BB500E2D352 /* ViewController.swift */ = {isa = PBXFileReference; lastKnownFileType = sourcecode.swift; path = ViewController.swift; sourceTree = "<group>"; };
		A56693EC246F2BB500E2D352 /* Base */ = {isa = PBXFileReference; lastKnownFileType = file.storyboard; name = Base; path = Base.lproj/Main.storyboard; sourceTree = "<group>"; };
		A56693EE246F2BBA00E2D352 /* Assets.xcassets */ = {isa = PBXFileReference; lastKnownFileType = folder.assetcatalog; path = Assets.xcassets; sourceTree = "<group>"; };
		A56693F1246F2BBA00E2D352 /* Base */ = {isa = PBXFileReference; lastKnownFileType = file.storyboard; name = Base; path = Base.lproj/LaunchScreen.storyboard; sourceTree = "<group>"; };
		A56693F3246F2BBA00E2D352 /* Info.plist */ = {isa = PBXFileReference; lastKnownFileType = text.plist.xml; path = Info.plist; sourceTree = "<group>"; };
		A56693F8246F2BBB00E2D352 /* ClickCounter2Tests.xctest */ = {isa = PBXFileReference; explicitFileType = wrapper.cfbundle; includeInIndex = 0; path = ClickCounter2Tests.xctest; sourceTree = BUILT_PRODUCTS_DIR; };
		A56693FC246F2BBB00E2D352 /* ClickCounter2Tests.swift */ = {isa = PBXFileReference; lastKnownFileType = sourcecode.swift; path = ClickCounter2Tests.swift; sourceTree = "<group>"; };
		A56693FE246F2BBB00E2D352 /* Info.plist */ = {isa = PBXFileReference; lastKnownFileType = text.plist.xml; path = Info.plist; sourceTree = "<group>"; };
		A5669403246F2BBB00E2D352 /* ClickCounter2UITests.xctest */ = {isa = PBXFileReference; explicitFileType = wrapper.cfbundle; includeInIndex = 0; path = ClickCounter2UITests.xctest; sourceTree = BUILT_PRODUCTS_DIR; };
		A5669407246F2BBB00E2D352 /* ClickCounter2UITests.swift */ = {isa = PBXFileReference; lastKnownFileType = sourcecode.swift; path = ClickCounter2UITests.swift; sourceTree = "<group>"; };
		A5669409246F2BBB00E2D352 /* Info.plist */ = {isa = PBXFileReference; lastKnownFileType = text.plist.xml; path = Info.plist; sourceTree = "<group>"; };
/* End PBXFileReference section */

/* Begin PBXFrameworksBuildPhase section */
		A56693DF246F2BB500E2D352 /* Frameworks */ = {
			isa = PBXFrameworksBuildPhase;
			buildActionMask = 2147483647;
			files = (
			);
			runOnlyForDeploymentPostprocessing = 0;
		};
		A56693F5246F2BBB00E2D352 /* Frameworks */ = {
			isa = PBXFrameworksBuildPhase;
			buildActionMask = 2147483647;
			files = (
			);
			runOnlyForDeploymentPostprocessing = 0;
		};
		A5669400246F2BBB00E2D352 /* Frameworks */ = {
			isa = PBXFrameworksBuildPhase;
			buildActionMask = 2147483647;
			files = (
			);
			runOnlyForDeploymentPostprocessing = 0;
		};
/* End PBXFrameworksBuildPhase section */

/* Begin PBXGroup section */
		A56693D9246F2BB500E2D352 = {
			isa = PBXGroup;
			children = (
				A56693E4246F2BB500E2D352 /* ClickCounter2 */,
				A56693FB246F2BBB00E2D352 /* ClickCounter2Tests */,
				A5669406246F2BBB00E2D352 /* ClickCounter2UITests */,
				A56693E3246F2BB500E2D352 /* Products */,
			);
			sourceTree = "<group>";
		};
		A56693E3246F2BB500E2D352 /* Products */ = {
			isa = PBXGroup;
			children = (
				A56693E2246F2BB500E2D352 /* ClickCounter2.app */,
				A56693F8246F2BBB00E2D352 /* ClickCounter2Tests.xctest */,
				A5669403246F2BBB00E2D352 /* ClickCounter2UITests.xctest */,
			);
			name = Products;
			sourceTree = "<group>";
		};
		A56693E4246F2BB500E2D352 /* ClickCounter2 */ = {
			isa = PBXGroup;
			children = (
				A56693E5246F2BB500E2D352 /* AppDelegate.swift */,
				A56693E7246F2BB500E2D352 /* SceneDelegate.swift */,
				A56693E9246F2BB500E2D352 /* ViewController.swift */,
				A56693EB246F2BB500E2D352 /* Main.storyboard */,
				A56693EE246F2BBA00E2D352 /* Assets.xcassets */,
				A56693F0246F2BBA00E2D352 /* LaunchScreen.storyboard */,
				A56693F3246F2BBA00E2D352 /* Info.plist */,
			);
			path = ClickCounter2;
			sourceTree = "<group>";
		};
		A56693FB246F2BBB00E2D352 /* ClickCounter2Tests */ = {
			isa = PBXGroup;
			children = (
				A56693FC246F2BBB00E2D352 /* ClickCounter2Tests.swift */,
				A56693FE246F2BBB00E2D352 /* Info.plist */,
			);
			path = ClickCounter2Tests;
			sourceTree = "<group>";
		};
		A5669406246F2BBB00E2D352 /* ClickCounter2UITests */ = {
			isa = PBXGroup;
			children = (
				A5669407246F2BBB00E2D352 /* ClickCounter2UITests.swift */,
				A5669409246F2BBB00E2D352 /* Info.plist */,
			);
			path = ClickCounter2UITests;
			sourceTree = "<group>";
		};
/* End PBXGroup section */

/* Begin PBXNativeTarget section */
		A56693E1246F2BB500E2D352 /* ClickCounter2 */ = {
			isa = PBXNativeTarget;
			buildConfigurationList = A566940C246F2BBB00E2D352 /* Build configuration list for PBXNativeTarget "ClickCounter2" */;
			buildPhases = (
				A56693DE246F2BB500E2D352 /* Sources */,
				A56693DF246F2BB500E2D352 /* Frameworks */,
				A56693E0246F2BB500E2D352 /* Resources */,
			);
			buildRules = (
			);
			dependencies = (
			);
			name = ClickCounter2;
			productName = ClickCounter2;
			productReference = A56693E2246F2BB500E2D352 /* ClickCounter2.app */;
			productType = "com.apple.product-type.application";
		};
		A56693F7246F2BBB00E2D352 /* ClickCounter2Tests */ = {
			isa = PBXNativeTarget;
			buildConfigurationList = A566940F246F2BBB00E2D352 /* Build configuration list for PBXNativeTarget "ClickCounter2Tests" */;
			buildPhases = (
				A56693F4246F2BBB00E2D352 /* Sources */,
				A56693F5246F2BBB00E2D352 /* Frameworks */,
				A56693F6246F2BBB00E2D352 /* Resources */,
			);
			buildRules = (
			);
			dependencies = (
				A56693FA246F2BBB00E2D352 /* PBXTargetDependency */,
			);
			name = ClickCounter2Tests;
			productName = ClickCounter2Tests;
			productReference = A56693F8246F2BBB00E2D352 /* ClickCounter2Tests.xctest */;
			productType = "com.apple.product-type.bundle.unit-test";
		};
		A5669402246F2BBB00E2D352 /* ClickCounter2UITests */ = {
			isa = PBXNativeTarget;
			buildConfigurationList = A5669412246F2BBB00E2D352 /* Build configuration list for PBXNativeTarget "ClickCounter2UITests" */;
			buildPhases = (
				A56693FF246F2BBB00E2D352 /* Sources */,
				A5669400246F2BBB00E2D352 /* Frameworks */,
				A5669401246F2BBB00E2D352 /* Resources */,
			);
			buildRules = (
			);
			dependencies = (
				A5669405246F2BBB00E2D352 /* PBXTargetDependency */,
			);
			name = ClickCounter2UITests;
			productName = ClickCounter2UITests;
			productReference = A5669403246F2BBB00E2D352 /* ClickCounter2UITests.xctest */;
			productType = "com.apple.product-type.bundle.ui-testing";
		};
/* End PBXNativeTarget section */

/* Begin PBXProject section */
		A56693DA246F2BB500E2D352 /* Project object */ = {
			isa = PBXProject;
			attributes = {
				LastSwiftUpdateCheck = 1140;
				LastUpgradeCheck = 1140;
				ORGANIZATIONNAME = "Dustin McGuire";
				TargetAttributes = {
					A56693E1246F2BB500E2D352 = {
						CreatedOnToolsVersion = 11.4.1;
					};
					A56693F7246F2BBB00E2D352 = {
						CreatedOnToolsVersion = 11.4.1;
						TestTargetID = A56693E1246F2BB500E2D352;
					};
					A5669402246F2BBB00E2D352 = {
						CreatedOnToolsVersion = 11.4.1;
						TestTargetID = A56693E1246F2BB500E2D352;
					};
				};
			};
			buildConfigurationList = A56693DD246F2BB500E2D352 /* Build configuration list for PBXProject "ClickCounter2" */;
			compatibilityVersion = "Xcode 9.3";
			developmentRegion = en;
			hasScannedForEncodings = 0;
			knownRegions = (
				en,
				Base,
			);
			mainGroup = A56693D9246F2BB500E2D352;
			productRefGroup = A56693E3246F2BB500E2D352 /* Products */;
			projectDirPath = "";
			projectRoot = "";
			targets = (
				A56693E1246F2BB500E2D352 /* ClickCounter2 */,
				A56693F7246F2BBB00E2D352 /* ClickCounter2Tests */,
				A5669402246F2BBB00E2D352 /* ClickCounter2UITests */,
			);
		};
/* End PBXProject section */

/* Begin PBXResourcesBuildPhase section */
		A56693E0246F2BB500E2D352 /* Resources */ = {
			isa = PBXResourcesBuildPhase;
			buildActionMask = 2147483647;
			files = (
				A56693F2246F2BBA00E2D352 /* LaunchScreen.storyboard in Resources */,
				A56693EF246F2BBA00E2D352 /* Assets.xcassets in Resources */,
				A56693ED246F2BB500E2D352 /* Main.storyboard in Resources */,
			);
			runOnlyForDeploymentPostprocessing = 0;
		};
		A56693F6246F2BBB00E2D352 /* Resources */ = {
			isa = PBXResourcesBuildPhase;
			buildActionMask = 2147483647;
			files = (
			);
			runOnlyForDeploymentPostprocessing = 0;
		};
		A5669401246F2BBB00E2D352 /* Resources */ = {
			isa = PBXResourcesBuildPhase;
			buildActionMask = 2147483647;
			files = (
			);
			runOnlyForDeploymentPostprocessing = 0;
		};
/* End PBXResourcesBuildPhase section */

/* Begin PBXSourcesBuildPhase section */
		A56693DE246F2BB500E2D352 /* Sources */ = {
			isa = PBXSourcesBuildPhase;
			buildActionMask = 2147483647;
			files = (
				A56693EA246F2BB500E2D352 /* ViewController.swift in Sources */,
				A56693E6246F2BB500E2D352 /* AppDelegate.swift in Sources */,
				A56693E8246F2BB500E2D352 /* SceneDelegate.swift in Sources */,
			);
			runOnlyForDeploymentPostprocessing = 0;
		};
		A56693F4246F2BBB00E2D352 /* Sources */ = {
			isa = PBXSourcesBuildPhase;
			buildActionMask = 2147483647;
			files = (
				A56693FD246F2BBB00E2D352 /* ClickCounter2Tests.swift in Sources */,
			);
			runOnlyForDeploymentPostprocessing = 0;
		};
		A56693FF246F2BBB00E2D352 /* Sources */ = {
			isa = PBXSourcesBuildPhase;
			buildActionMask = 2147483647;
			files = (
				A5669408246F2BBB00E2D352 /* ClickCounter2UITests.swift in Sources */,
			);
			runOnlyForDeploymentPostprocessing = 0;
		};
/* End PBXSourcesBuildPhase section */

/* Begin PBXTargetDependency section */
		A56693FA246F2BBB00E2D352 /* PBXTargetDependency */ = {
			isa = PBXTargetDependency;
			target = A56693E1246F2BB500E2D352 /* ClickCounter2 */;
			targetProxy = A56693F9246F2BBB00E2D352 /* PBXContainerItemProxy */;
		};
		A5669405246F2BBB00E2D352 /* PBXTargetDependency */ = {
			isa = PBXTargetDependency;
			target = A56693E1246F2BB500E2D352 /* ClickCounter2 */;
			targetProxy = A5669404246F2BBB00E2D352 /* PBXContainerItemProxy */;
		};
/* End PBXTargetDependency section */

/* Begin PBXVariantGroup section */
		A56693EB246F2BB500E2D352 /* Main.storyboard */ = {
			isa = PBXVariantGroup;
			children = (
				A56693EC246F2BB500E2D352 /* Base */,
			);
			name = Main.storyboard;
			sourceTree = "<group>";
		};
		A56693F0246F2BBA00E2D352 /* LaunchScreen.storyboard */ = {
			isa = PBXVariantGroup;
			children = (
				A56693F1246F2BBA00E2D352 /* Base */,
			);
			name = LaunchScreen.storyboard;
			sourceTree = "<group>";
		};
/* End PBXVariantGroup section */

/* Begin XCBuildConfiguration section */
		A566940A246F2BBB00E2D352 /* Debug */ = {
			isa = XCBuildConfiguration;
			buildSettings = {
				ALWAYS_SEARCH_USER_PATHS = NO;
				CLANG_ANALYZER_NONNULL = YES;
				CLANG_ANALYZER_NUMBER_OBJECT_CONVERSION = YES_AGGRESSIVE;
				CLANG_CXX_LANGUAGE_STANDARD = "gnu++14";
				CLANG_CXX_LIBRARY = "libc++";
				CLANG_ENABLE_MODULES = YES;
				CLANG_ENABLE_OBJC_ARC = YES;
				CLANG_ENABLE_OBJC_WEAK = YES;
				CLANG_WARN_BLOCK_CAPTURE_AUTORELEASING = YES;
				CLANG_WARN_BOOL_CONVERSION = YES;
				CLANG_WARN_COMMA = YES;
				CLANG_WARN_CONSTANT_CONVERSION = YES;
				CLANG_WARN_DEPRECATED_OBJC_IMPLEMENTATIONS = YES;
				CLANG_WARN_DIRECT_OBJC_ISA_USAGE = YES_ERROR;
				CLANG_WARN_DOCUMENTATION_COMMENTS = YES;
				CLANG_WARN_EMPTY_BODY = YES;
				CLANG_WARN_ENUM_CONVERSION = YES;
				CLANG_WARN_INFINITE_RECURSION = YES;
				CLANG_WARN_INT_CONVERSION = YES;
				CLANG_WARN_NON_LITERAL_NULL_CONVERSION = YES;
				CLANG_WARN_OBJC_IMPLICIT_RETAIN_SELF = YES;
				CLANG_WARN_OBJC_LITERAL_CONVERSION = YES;
				CLANG_WARN_OBJC_ROOT_CLASS = YES_ERROR;
				CLANG_WARN_RANGE_LOOP_ANALYSIS = YES;
				CLANG_WARN_STRICT_PROTOTYPES = YES;
				CLANG_WARN_SUSPICIOUS_MOVE = YES;
				CLANG_WARN_UNGUARDED_AVAILABILITY = YES_AGGRESSIVE;
				CLANG_WARN_UNREACHABLE_CODE = YES;
				CLANG_WARN__DUPLICATE_METHOD_MATCH = YES;
				COPY_PHASE_STRIP = NO;
				DEBUG_INFORMATION_FORMAT = dwarf;
				ENABLE_STRICT_OBJC_MSGSEND = YES;
				ENABLE_TESTABILITY = YES;
				GCC_C_LANGUAGE_STANDARD = gnu11;
				GCC_DYNAMIC_NO_PIC = NO;
				GCC_NO_COMMON_BLOCKS = YES;
				GCC_OPTIMIZATION_LEVEL = 0;
				GCC_PREPROCESSOR_DEFINITIONS = (
					"DEBUG=1",
					"$(inherited)",
				);
				GCC_WARN_64_TO_32_BIT_CONVERSION = YES;
				GCC_WARN_ABOUT_RETURN_TYPE = YES_ERROR;
				GCC_WARN_UNDECLARED_SELECTOR = YES;
				GCC_WARN_UNINITIALIZED_AUTOS = YES_AGGRESSIVE;
				GCC_WARN_UNUSED_FUNCTION = YES;
				GCC_WARN_UNUSED_VARIABLE = YES;
				IPHONEOS_DEPLOYMENT_TARGET = 13.4;
				MTL_ENABLE_DEBUG_INFO = INCLUDE_SOURCE;
				MTL_FAST_MATH = YES;
				ONLY_ACTIVE_ARCH = YES;
				SDKROOT = iphoneos;
				SWIFT_ACTIVE_COMPILATION_CONDITIONS = DEBUG;
				SWIFT_OPTIMIZATION_LEVEL = "-Onone";
			};
			name = Debug;
		};
		A566940B246F2BBB00E2D352 /* Release */ = {
			isa = XCBuildConfiguration;
			buildSettings = {
				ALWAYS_SEARCH_USER_PATHS = NO;
				CLANG_ANALYZER_NONNULL = YES;
				CLANG_ANALYZER_NUMBER_OBJECT_CONVERSION = YES_AGGRESSIVE;
				CLANG_CXX_LANGUAGE_STANDARD = "gnu++14";
				CLANG_CXX_LIBRARY = "libc++";
				CLANG_ENABLE_MODULES = YES;
				CLANG_ENABLE_OBJC_ARC = YES;
				CLANG_ENABLE_OBJC_WEAK = YES;
				CLANG_WARN_BLOCK_CAPTURE_AUTORELEASING = YES;
				CLANG_WARN_BOOL_CONVERSION = YES;
				CLANG_WARN_COMMA = YES;
				CLANG_WARN_CONSTANT_CONVERSION = YES;
				CLANG_WARN_DEPRECATED_OBJC_IMPLEMENTATIONS = YES;
				CLANG_WARN_DIRECT_OBJC_ISA_USAGE = YES_ERROR;
				CLANG_WARN_DOCUMENTATION_COMMENTS = YES;
				CLANG_WARN_EMPTY_BODY = YES;
				CLANG_WARN_ENUM_CONVERSION = YES;
				CLANG_WARN_INFINITE_RECURSION = YES;
				CLANG_WARN_INT_CONVERSION = YES;
				CLANG_WARN_NON_LITERAL_NULL_CONVERSION = YES;
				CLANG_WARN_OBJC_IMPLICIT_RETAIN_SELF = YES;
				CLANG_WARN_OBJC_LITERAL_CONVERSION = YES;
				CLANG_WARN_OBJC_ROOT_CLASS = YES_ERROR;
				CLANG_WARN_RANGE_LOOP_ANALYSIS = YES;
				CLANG_WARN_STRICT_PROTOTYPES = YES;
				CLANG_WARN_SUSPICIOUS_MOVE = YES;
				CLANG_WARN_UNGUARDED_AVAILABILITY = YES_AGGRESSIVE;
				CLANG_WARN_UNREACHABLE_CODE = YES;
				CLANG_WARN__DUPLICATE_METHOD_MATCH = YES;
				COPY_PHASE_STRIP = NO;
				DEBUG_INFORMATION_FORMAT = "dwarf-with-dsym";
				ENABLE_NS_ASSERTIONS = NO;
				ENABLE_STRICT_OBJC_MSGSEND = YES;
				GCC_C_LANGUAGE_STANDARD = gnu11;
				GCC_NO_COMMON_BLOCKS = YES;
				GCC_WARN_64_TO_32_BIT_CONVERSION = YES;
				GCC_WARN_ABOUT_RETURN_TYPE = YES_ERROR;
				GCC_WARN_UNDECLARED_SELECTOR = YES;
				GCC_WARN_UNINITIALIZED_AUTOS = YES_AGGRESSIVE;
				GCC_WARN_UNUSED_FUNCTION = YES;
				GCC_WARN_UNUSED_VARIABLE = YES;
				IPHONEOS_DEPLOYMENT_TARGET = 13.4;
				MTL_ENABLE_DEBUG_INFO = NO;
				MTL_FAST_MATH = YES;
				SDKROOT = iphoneos;
				SWIFT_COMPILATION_MODE = wholemodule;
				SWIFT_OPTIMIZATION_LEVEL = "-O";
				VALIDATE_PRODUCT = YES;
			};
			name = Release;
		};
		A566940D246F2BBB00E2D352 /* Debug */ = {
			isa = XCBuildConfiguration;
			buildSettings = {
				ASSETCATALOG_COMPILER_APPICON_NAME = AppIcon;
				CODE_SIGN_STYLE = Automatic;
				INFOPLIST_FILE = ClickCounter2/Info.plist;
				LD_RUNPATH_SEARCH_PATHS = (
					"$(inherited)",
					"@executable_path/Frameworks",
				);
				PRODUCT_BUNDLE_IDENTIFIER = Udacity.ClickCounter2;
				PRODUCT_NAME = "$(TARGET_NAME)";
				SWIFT_VERSION = 5.0;
				TARGETED_DEVICE_FAMILY = "1,2";
			};
			name = Debug;
		};
		A566940E246F2BBB00E2D352 /* Release */ = {
			isa = XCBuildConfiguration;
			buildSettings = {
				ASSETCATALOG_COMPILER_APPICON_NAME = AppIcon;
				CODE_SIGN_STYLE = Automatic;
				INFOPLIST_FILE = ClickCounter2/Info.plist;
				LD_RUNPATH_SEARCH_PATHS = (
					"$(inherited)",
					"@executable_path/Frameworks",
				);
				PRODUCT_BUNDLE_IDENTIFIER = Udacity.ClickCounter2;
				PRODUCT_NAME = "$(TARGET_NAME)";
				SWIFT_VERSION = 5.0;
				TARGETED_DEVICE_FAMILY = "1,2";
			};
			name = Release;
		};
		A5669410246F2BBB00E2D352 /* Debug */ = {
			isa = XCBuildConfiguration;
			buildSettings = {
				ALWAYS_EMBED_SWIFT_STANDARD_LIBRARIES = YES;
				BUNDLE_LOADER = "$(TEST_HOST)";
				CODE_SIGN_STYLE = Automatic;
				INFOPLIST_FILE = ClickCounter2Tests/Info.plist;
				IPHONEOS_DEPLOYMENT_TARGET = 13.4;
				LD_RUNPATH_SEARCH_PATHS = (
					"$(inherited)",
					"@executable_path/Frameworks",
					"@loader_path/Frameworks",
				);
				PRODUCT_BUNDLE_IDENTIFIER = Udacity.ClickCounter2Tests;
				PRODUCT_NAME = "$(TARGET_NAME)";
				SWIFT_VERSION = 5.0;
				TARGETED_DEVICE_FAMILY = "1,2";
				TEST_HOST = "$(BUILT_PRODUCTS_DIR)/ClickCounter2.app/ClickCounter2";
			};
			name = Debug;
		};
		A5669411246F2BBB00E2D352 /* Release */ = {
			isa = XCBuildConfiguration;
			buildSettings = {
				ALWAYS_EMBED_SWIFT_STANDARD_LIBRARIES = YES;
				BUNDLE_LOADER = "$(TEST_HOST)";
				CODE_SIGN_STYLE = Automatic;
				INFOPLIST_FILE = ClickCounter2Tests/Info.plist;
				IPHONEOS_DEPLOYMENT_TARGET = 13.4;
				LD_RUNPATH_SEARCH_PATHS = (
					"$(inherited)",
					"@executable_path/Frameworks",
					"@loader_path/Frameworks",
				);
				PRODUCT_BUNDLE_IDENTIFIER = Udacity.ClickCounter2Tests;
				PRODUCT_NAME = "$(TARGET_NAME)";
				SWIFT_VERSION = 5.0;
				TARGETED_DEVICE_FAMILY = "1,2";
				TEST_HOST = "$(BUILT_PRODUCTS_DIR)/ClickCounter2.app/ClickCounter2";
			};
			name = Release;
		};
		A5669413246F2BBB00E2D352 /* Debug */ = {
			isa = XCBuildConfiguration;
			buildSettings = {
				ALWAYS_EMBED_SWIFT_STANDARD_LIBRARIES = YES;
				CODE_SIGN_STYLE = Automatic;
				INFOPLIST_FILE = ClickCounter2UITests/Info.plist;
				LD_RUNPATH_SEARCH_PATHS = (
					"$(inherited)",
					"@executable_path/Frameworks",
					"@loader_path/Frameworks",
				);
				PRODUCT_BUNDLE_IDENTIFIER = Udacity.ClickCounter2UITests;
				PRODUCT_NAME = "$(TARGET_NAME)";
				SWIFT_VERSION = 5.0;
				TARGETED_DEVICE_FAMILY = "1,2";
				TEST_TARGET_NAME = ClickCounter2;
			};
			name = Debug;
		};
		A5669414246F2BBB00E2D352 /* Release */ = {
			isa = XCBuildConfiguration;
			buildSettings = {
				ALWAYS_EMBED_SWIFT_STANDARD_LIBRARIES = YES;
				CODE_SIGN_STYLE = Automatic;
				INFOPLIST_FILE = ClickCounter2UITests/Info.plist;
				LD_RUNPATH_SEARCH_PATHS = (
					"$(inherited)",
					"@executable_path/Frameworks",
					"@loader_path/Frameworks",
				);
				PRODUCT_BUNDLE_IDENTIFIER = Udacity.ClickCounter2UITests;
				PRODUCT_NAME = "$(TARGET_NAME)";
				SWIFT_VERSION = 5.0;
				TARGETED_DEVICE_FAMILY = "1,2";
				TEST_TARGET_NAME = ClickCounter2;
			};
			name = Release;
		};
/* End XCBuildConfiguration section */

/* Begin XCConfigurationList section */
		A56693DD246F2BB500E2D352 /* Build configuration list for PBXProject "ClickCounter2" */ = {
			isa = XCConfigurationList;
			buildConfigurations = (
				A566940A246F2BBB00E2D352 /* Debug */,
				A566940B246F2BBB00E2D352 /* Release */,
			);
			defaultConfigurationIsVisible = 0;
			defaultConfigurationName = Release;
		};
		A566940C246F2BBB00E2D352 /* Build configuration list for PBXNativeTarget "ClickCounter2" */ = {
			isa = XCConfigurationList;
			buildConfigurations = (
				A566940D246F2BBB00E2D352 /* Debug */,
				A566940E246F2BBB00E2D352 /* Release */,
			);
			defaultConfigurationIsVisible = 0;
			defaultConfigurationName = Release;
		};
		A566940F246F2BBB00E2D352 /* Build configuration list for PBXNativeTarget "ClickCounter2Tests" */ = {
			isa = XCConfigurationList;
			buildConfigurations = (
				A5669410246F2BBB00E2D352 /* Debug */,
				A5669411246F2BBB00E2D352 /* Release */,
			);
			defaultConfigurationIsVisible = 0;
			defaultConfigurationName = Release;
		};
		A5669412246F2BBB00E2D352 /* Build configuration list for PBXNativeTarget "ClickCounter2UITests" */ = {
			isa = XCConfigurationList;
			buildConfigurations = (
				A5669413246F2BBB00E2D352 /* Debug */,
				A5669414246F2BBB00E2D352 /* Release */,
			);
			defaultConfigurationIsVisible = 0;
			defaultConfigurationName = Release;
		};
/* End XCConfigurationList section */
	};
	rootObject = A56693DA246F2BB500E2D352 /* Project object */;
}
