// !$*UTF8*$!
{
	archiveVersion = 1;
	classes = {
	};
	objectVersion = 50;
	objects = {

/* Begin PBXBuildFile section */
		A570A9E1250865BB00AC77B8 /* AppDelegate.swift in Sources */ = {isa = PBXBuildFile; fileRef = A570A9E0250865BB00AC77B8 /* AppDelegate.swift */; };
		A570A9E3250865BB00AC77B8 /* SceneDelegate.swift in Sources */ = {isa = PBXBuildFile; fileRef = A570A9E2250865BB00AC77B8 /* SceneDelegate.swift */; };
		A570A9E5250865BB00AC77B8 /* ViewController.swift in Sources */ = {isa = PBXBuildFile; fileRef = A570A9E4250865BB00AC77B8 /* ViewController.swift */; };
		A570A9E8250865BB00AC77B8 /* Main.storyboard in Resources */ = {isa = PBXBuildFile; fileRef = A570A9E6250865BB00AC77B8 /* Main.storyboard */; };
		A570A9EA250865BC00AC77B8 /* Assets.xcassets in Resources */ = {isa = PBXBuildFile; fileRef = A570A9E9250865BC00AC77B8 /* Assets.xcassets */; };
		A570A9ED250865BC00AC77B8 /* LaunchScreen.storyboard in Resources */ = {isa = PBXBuildFile; fileRef = A570A9EB250865BC00AC77B8 /* LaunchScreen.storyboard */; };
/* End PBXBuildFile section */

/* Begin PBXFileReference section */
		A570A9DD250865BB00AC77B8 /* Forcasting.app */ = {isa = PBXFileReference; explicitFileType = wrapper.application; includeInIndex = 0; path = Forcasting.app; sourceTree = BUILT_PRODUCTS_DIR; };
		A570A9E0250865BB00AC77B8 /* AppDelegate.swift */ = {isa = PBXFileReference; lastKnownFileType = sourcecode.swift; path = AppDelegate.swift; sourceTree = "<group>"; };
		A570A9E2250865BB00AC77B8 /* SceneDelegate.swift */ = {isa = PBXFileReference; lastKnownFileType = sourcecode.swift; path = SceneDelegate.swift; sourceTree = "<group>"; };
		A570A9E4250865BB00AC77B8 /* ViewController.swift */ = {isa = PBXFileReference; lastKnownFileType = sourcecode.swift; path = ViewController.swift; sourceTree = "<group>"; };
		A570A9E7250865BB00AC77B8 /* Base */ = {isa = PBXFileReference; lastKnownFileType = file.storyboard; name = Base; path = Base.lproj/Main.storyboard; sourceTree = "<group>"; };
		A570A9E9250865BC00AC77B8 /* Assets.xcassets */ = {isa = PBXFileReference; lastKnownFileType = folder.assetcatalog; path = Assets.xcassets; sourceTree = "<group>"; };
		A570A9EC250865BC00AC77B8 /* Base */ = {isa = PBXFileReference; lastKnownFileType = file.storyboard; name = Base; path = Base.lproj/LaunchScreen.storyboard; sourceTree = "<group>"; };
		A570A9EE250865BC00AC77B8 /* Info.plist */ = {isa = PBXFileReference; lastKnownFileType = text.plist.xml; path = Info.plist; sourceTree = "<group>"; };
/* End PBXFileReference section */

/* Begin PBXFrameworksBuildPhase section */
		A570A9DA250865BB00AC77B8 /* Frameworks */ = {
			isa = PBXFrameworksBuildPhase;
			buildActionMask = 2147483647;
			files = (
			);
			runOnlyForDeploymentPostprocessing = 0;
		};
/* End PBXFrameworksBuildPhase section */

/* Begin PBXGroup section */
		A570A9D4250865BB00AC77B8 = {
			isa = PBXGroup;
			children = (
				A570A9DF250865BB00AC77B8 /* Forcasting */,
				A570A9DE250865BB00AC77B8 /* Products */,
			);
			sourceTree = "<group>";
		};
		A570A9DE250865BB00AC77B8 /* Products */ = {
			isa = PBXGroup;
			children = (
				A570A9DD250865BB00AC77B8 /* Forcasting.app */,
			);
			name = Products;
			sourceTree = "<group>";
		};
		A570A9DF250865BB00AC77B8 /* Forcasting */ = {
			isa = PBXGroup;
			children = (
				A570A9E0250865BB00AC77B8 /* AppDelegate.swift */,
				A570A9E2250865BB00AC77B8 /* SceneDelegate.swift */,
				A570A9E4250865BB00AC77B8 /* ViewController.swift */,
				A570A9E6250865BB00AC77B8 /* Main.storyboard */,
				A570A9E9250865BC00AC77B8 /* Assets.xcassets */,
				A570A9EB250865BC00AC77B8 /* LaunchScreen.storyboard */,
				A570A9EE250865BC00AC77B8 /* Info.plist */,
			);
			path = Forcasting;
			sourceTree = "<group>";
		};
/* End PBXGroup section */

/* Begin PBXNativeTarget section */
		A570A9DC250865BB00AC77B8 /* Forcasting */ = {
			isa = PBXNativeTarget;
			buildConfigurationList = A570A9F1250865BC00AC77B8 /* Build configuration list for PBXNativeTarget "Forcasting" */;
			buildPhases = (
				A570A9D9250865BB00AC77B8 /* Sources */,
				A570A9DA250865BB00AC77B8 /* Frameworks */,
				A570A9DB250865BB00AC77B8 /* Resources */,
			);
			buildRules = (
			);
			dependencies = (
			);
			name = Forcasting;
			productName = Forcasting;
			productReference = A570A9DD250865BB00AC77B8 /* Forcasting.app */;
			productType = "com.apple.product-type.application";
		};
/* End PBXNativeTarget section */

/* Begin PBXProject section */
		A570A9D5250865BB00AC77B8 /* Project object */ = {
			isa = PBXProject;
			attributes = {
				LastSwiftUpdateCheck = 1170;
				LastUpgradeCheck = 1170;
				ORGANIZATIONNAME = "Dustin McGuire";
				TargetAttributes = {
					A570A9DC250865BB00AC77B8 = {
						CreatedOnToolsVersion = 11.7;
					};
				};
			};
			buildConfigurationList = A570A9D8250865BB00AC77B8 /* Build configuration list for PBXProject "Forcasting" */;
			compatibilityVersion = "Xcode 9.3";
			developmentRegion = en;
			hasScannedForEncodings = 0;
			knownRegions = (
				en,
				Base,
			);
			mainGroup = A570A9D4250865BB00AC77B8;
			productRefGroup = A570A9DE250865BB00AC77B8 /* Products */;
			projectDirPath = "";
			projectRoot = "";
			targets = (
				A570A9DC250865BB00AC77B8 /* Forcasting */,
			);
		};
/* End PBXProject section */

/* Begin PBXResourcesBuildPhase section */
		A570A9DB250865BB00AC77B8 /* Resources */ = {
			isa = PBXResourcesBuildPhase;
			buildActionMask = 2147483647;
			files = (
				A570A9ED250865BC00AC77B8 /* LaunchScreen.storyboard in Resources */,
				A570A9EA250865BC00AC77B8 /* Assets.xcassets in Resources */,
				A570A9E8250865BB00AC77B8 /* Main.storyboard in Resources */,
			);
			runOnlyForDeploymentPostprocessing = 0;
		};
/* End PBXResourcesBuildPhase section */

/* Begin PBXSourcesBuildPhase section */
		A570A9D9250865BB00AC77B8 /* Sources */ = {
			isa = PBXSourcesBuildPhase;
			buildActionMask = 2147483647;
			files = (
				A570A9E5250865BB00AC77B8 /* ViewController.swift in Sources */,
				A570A9E1250865BB00AC77B8 /* AppDelegate.swift in Sources */,
				A570A9E3250865BB00AC77B8 /* SceneDelegate.swift in Sources */,
			);
			runOnlyForDeploymentPostprocessing = 0;
		};
/* End PBXSourcesBuildPhase section */

/* Begin PBXVariantGroup section */
		A570A9E6250865BB00AC77B8 /* Main.storyboard */ = {
			isa = PBXVariantGroup;
			children = (
				A570A9E7250865BB00AC77B8 /* Base */,
			);
			name = Main.storyboard;
			sourceTree = "<group>";
		};
		A570A9EB250865BC00AC77B8 /* LaunchScreen.storyboard */ = {
			isa = PBXVariantGroup;
			children = (
				A570A9EC250865BC00AC77B8 /* Base */,
			);
			name = LaunchScreen.storyboard;
			sourceTree = "<group>";
		};
/* End PBXVariantGroup section */

/* Begin XCBuildConfiguration section */
		A570A9EF250865BC00AC77B8 /* Debug */ = {
			isa = XCBuildConfiguration;
			buildSettings = {
				ALWAYS_SEARCH_USER_PATHS = NO;
				CLANG_ANALYZER_NONNULL = YES;
				CLANG_ANALYZER_NUMBER_OBJECT_CONVERSION = YES_AGGRESSIVE;
				CLANG_CXX_LANGUAGE_STANDARD = "gnu++14";
				CLANG_CXX_LIBRARY = "libc++";
				CLANG_ENABLE_MODULES = YES;
				CLANG_ENABLE_OBJC_ARC = YES;
				CLANG_ENABLE_OBJC_WEAK = YES;
				CLANG_WARN_BLOCK_CAPTURE_AUTORELEASING = YES;
				CLANG_WARN_BOOL_CONVERSION = YES;
				CLANG_WARN_COMMA = YES;
				CLANG_WARN_CONSTANT_CONVERSION = YES;
				CLANG_WARN_DEPRECATED_OBJC_IMPLEMENTATIONS = YES;
				CLANG_WARN_DIRECT_OBJC_ISA_USAGE = YES_ERROR;
				CLANG_WARN_DOCUMENTATION_COMMENTS = YES;
				CLANG_WARN_EMPTY_BODY = YES;
				CLANG_WARN_ENUM_CONVERSION = YES;
				CLANG_WARN_INFINITE_RECURSION = YES;
				CLANG_WARN_INT_CONVERSION = YES;
				CLANG_WARN_NON_LITERAL_NULL_CONVERSION = YES;
				CLANG_WARN_OBJC_IMPLICIT_RETAIN_SELF = YES;
				CLANG_WARN_OBJC_LITERAL_CONVERSION = YES;
				CLANG_WARN_OBJC_ROOT_CLASS = YES_ERROR;
				CLANG_WARN_RANGE_LOOP_ANALYSIS = YES;
				CLANG_WARN_STRICT_PROTOTYPES = YES;
				CLANG_WARN_SUSPICIOUS_MOVE = YES;
				CLANG_WARN_UNGUARDED_AVAILABILITY = YES_AGGRESSIVE;
				CLANG_WARN_UNREACHABLE_CODE = YES;
				CLANG_WARN__DUPLICATE_METHOD_MATCH = YES;
				COPY_PHASE_STRIP = NO;
				DEBUG_INFORMATION_FORMAT = dwarf;
				ENABLE_STRICT_OBJC_MSGSEND = YES;
				ENABLE_TESTABILITY = YES;
				GCC_C_LANGUAGE_STANDARD = gnu11;
				GCC_DYNAMIC_NO_PIC = NO;
				GCC_NO_COMMON_BLOCKS = YES;
				GCC_OPTIMIZATION_LEVEL = 0;
				GCC_PREPROCESSOR_DEFINITIONS = (
					"DEBUG=1",
					"$(inherited)",
				);
				GCC_WARN_64_TO_32_BIT_CONVERSION = YES;
				GCC_WARN_ABOUT_RETURN_TYPE = YES_ERROR;
				GCC_WARN_UNDECLARED_SELECTOR = YES;
				GCC_WARN_UNINITIALIZED_AUTOS = YES_AGGRESSIVE;
				GCC_WARN_UNUSED_FUNCTION = YES;
				GCC_WARN_UNUSED_VARIABLE = YES;
				IPHONEOS_DEPLOYMENT_TARGET = 13.7;
				MTL_ENABLE_DEBUG_INFO = INCLUDE_SOURCE;
				MTL_FAST_MATH = YES;
				ONLY_ACTIVE_ARCH = YES;
				SDKROOT = iphoneos;
				SWIFT_ACTIVE_COMPILATION_CONDITIONS = DEBUG;
				SWIFT_OPTIMIZATION_LEVEL = "-Onone";
			};
			name = Debug;
		};
		A570A9F0250865BC00AC77B8 /* Release */ = {
			isa = XCBuildConfiguration;
			buildSettings = {
				ALWAYS_SEARCH_USER_PATHS = NO;
				CLANG_ANALYZER_NONNULL = YES;
				CLANG_ANALYZER_NUMBER_OBJECT_CONVERSION = YES_AGGRESSIVE;
				CLANG_CXX_LANGUAGE_STANDARD = "gnu++14";
				CLANG_CXX_LIBRARY = "libc++";
				CLANG_ENABLE_MODULES = YES;
				CLANG_ENABLE_OBJC_ARC = YES;
				CLANG_ENABLE_OBJC_WEAK = YES;
				CLANG_WARN_BLOCK_CAPTURE_AUTORELEASING = YES;
				CLANG_WARN_BOOL_CONVERSION = YES;
				CLANG_WARN_COMMA = YES;
				CLANG_WARN_CONSTANT_CONVERSION = YES;
				CLANG_WARN_DEPRECATED_OBJC_IMPLEMENTATIONS = YES;
				CLANG_WARN_DIRECT_OBJC_ISA_USAGE = YES_ERROR;
				CLANG_WARN_DOCUMENTATION_COMMENTS = YES;
				CLANG_WARN_EMPTY_BODY = YES;
				CLANG_WARN_ENUM_CONVERSION = YES;
				CLANG_WARN_INFINITE_RECURSION = YES;
				CLANG_WARN_INT_CONVERSION = YES;
				CLANG_WARN_NON_LITERAL_NULL_CONVERSION = YES;
				CLANG_WARN_OBJC_IMPLICIT_RETAIN_SELF = YES;
				CLANG_WARN_OBJC_LITERAL_CONVERSION = YES;
				CLANG_WARN_OBJC_ROOT_CLASS = YES_ERROR;
				CLANG_WARN_RANGE_LOOP_ANALYSIS = YES;
				CLANG_WARN_STRICT_PROTOTYPES = YES;
				CLANG_WARN_SUSPICIOUS_MOVE = YES;
				CLANG_WARN_UNGUARDED_AVAILABILITY = YES_AGGRESSIVE;
				CLANG_WARN_UNREACHABLE_CODE = YES;
				CLANG_WARN__DUPLICATE_METHOD_MATCH = YES;
				COPY_PHASE_STRIP = NO;
				DEBUG_INFORMATION_FORMAT = "dwarf-with-dsym";
				ENABLE_NS_ASSERTIONS = NO;
				ENABLE_STRICT_OBJC_MSGSEND = YES;
				GCC_C_LANGUAGE_STANDARD = gnu11;
				GCC_NO_COMMON_BLOCKS = YES;
				GCC_WARN_64_TO_32_BIT_CONVERSION = YES;
				GCC_WARN_ABOUT_RETURN_TYPE = YES_ERROR;
				GCC_WARN_UNDECLARED_SELECTOR = YES;
				GCC_WARN_UNINITIALIZED_AUTOS = YES_AGGRESSIVE;
				GCC_WARN_UNUSED_FUNCTION = YES;
				GCC_WARN_UNUSED_VARIABLE = YES;
				IPHONEOS_DEPLOYMENT_TARGET = 13.7;
				MTL_ENABLE_DEBUG_INFO = NO;
				MTL_FAST_MATH = YES;
				SDKROOT = iphoneos;
				SWIFT_COMPILATION_MODE = wholemodule;
				SWIFT_OPTIMIZATION_LEVEL = "-O";
				VALIDATE_PRODUCT = YES;
			};
			name = Release;
		};
		A570A9F2250865BC00AC77B8 /* Debug */ = {
			isa = XCBuildConfiguration;
			buildSettings = {
				ASSETCATALOG_COMPILER_APPICON_NAME = AppIcon;
				CODE_SIGN_STYLE = Automatic;
				INFOPLIST_FILE = Forcasting/Info.plist;
				LD_RUNPATH_SEARCH_PATHS = (
					"$(inherited)",
					"@executable_path/Frameworks",
				);
				PRODUCT_BUNDLE_IDENTIFIER = Udacity.Forcasting;
				PRODUCT_NAME = "$(TARGET_NAME)";
				SWIFT_VERSION = 5.0;
				TARGETED_DEVICE_FAMILY = "1,2";
			};
			name = Debug;
		};
		A570A9F3250865BC00AC77B8 /* Release */ = {
			isa = XCBuildConfiguration;
			buildSettings = {
				ASSETCATALOG_COMPILER_APPICON_NAME = AppIcon;
				CODE_SIGN_STYLE = Automatic;
				INFOPLIST_FILE = Forcasting/Info.plist;
				LD_RUNPATH_SEARCH_PATHS = (
					"$(inherited)",
					"@executable_path/Frameworks",
				);
				PRODUCT_BUNDLE_IDENTIFIER = Udacity.Forcasting;
				PRODUCT_NAME = "$(TARGET_NAME)";
				SWIFT_VERSION = 5.0;
				TARGETED_DEVICE_FAMILY = "1,2";
			};
			name = Release;
		};
/* End XCBuildConfiguration section */

/* Begin XCConfigurationList section */
		A570A9D8250865BB00AC77B8 /* Build configuration list for PBXProject "Forcasting" */ = {
			isa = XCConfigurationList;
			buildConfigurations = (
				A570A9EF250865BC00AC77B8 /* Debug */,
				A570A9F0250865BC00AC77B8 /* Release */,
			);
			defaultConfigurationIsVisible = 0;
			defaultConfigurationName = Release;
		};
		A570A9F1250865BC00AC77B8 /* Build configuration list for PBXNativeTarget "Forcasting" */ = {
			isa = XCConfigurationList;
			buildConfigurations = (
				A570A9F2250865BC00AC77B8 /* Debug */,
				A570A9F3250865BC00AC77B8 /* Release */,
			);
			defaultConfigurationIsVisible = 0;
			defaultConfigurationName = Release;
		};
/* End XCConfigurationList section */
	};
	rootObject = A570A9D5250865BB00AC77B8 /* Project object */;
}
