// !$*UTF8*$!
{
	archiveVersion = 1;
	classes = {
	};
	objectVersion = 50;
	objects = {

/* Begin PBXBuildFile section */
		A51FB7AF2512F62300CEDC42 /* datePickerViewController.swift in Sources */ = {isa = PBXBuildFile; fileRef = A51FB7AE2512F62300CEDC42 /* datePickerViewController.swift */; };
		A51FB7B12512FA3D00CEDC42 /* Main.storyboard in Resources */ = {isa = PBXBuildFile; fileRef = A51FB7B02512FA3D00CEDC42 /* Main.storyboard */; };
		A542FB83251C298400DD36AF /* API.swift in Sources */ = {isa = PBXBuildFile; fileRef = A542FB82251C298400DD36AF /* API.swift */; };
		A58CDB1025104FE500984C25 /* AppDelegate.swift in Sources */ = {isa = PBXBuildFile; fileRef = A58CDB0F25104FE500984C25 /* AppDelegate.swift */; };
		A58CDB1225104FE500984C25 /* SceneDelegate.swift in Sources */ = {isa = PBXBuildFile; fileRef = A58CDB1125104FE500984C25 /* SceneDelegate.swift */; };
		A58CDB1425104FE500984C25 /* ViewController.swift in Sources */ = {isa = PBXBuildFile; fileRef = A58CDB1325104FE500984C25 /* ViewController.swift */; };
		A58CDB1925104FE600984C25 /* Assets.xcassets in Resources */ = {isa = PBXBuildFile; fileRef = A58CDB1825104FE600984C25 /* Assets.xcassets */; };
		A58CDB1C25104FE600984C25 /* LaunchScreen.storyboard in Resources */ = {isa = PBXBuildFile; fileRef = A58CDB1A25104FE600984C25 /* LaunchScreen.storyboard */; };
		A58ED6C72525692D00A3449D /* SpinnerViewController.swift in Sources */ = {isa = PBXBuildFile; fileRef = A58ED6C62525692D00A3449D /* SpinnerViewController.swift */; };
/* End PBXBuildFile section */

/* Begin PBXFileReference section */
		A51FB7AE2512F62300CEDC42 /* datePickerViewController.swift */ = {isa = PBXFileReference; lastKnownFileType = sourcecode.swift; path = datePickerViewController.swift; sourceTree = "<group>"; };
		A51FB7B02512FA3D00CEDC42 /* Main.storyboard */ = {isa = PBXFileReference; fileEncoding = 4; lastKnownFileType = file.storyboard; path = Main.storyboard; sourceTree = "<group>"; };
		A542FB82251C298400DD36AF /* API.swift */ = {isa = PBXFileReference; lastKnownFileType = sourcecode.swift; path = API.swift; sourceTree = "<group>"; };
		A58CDB0C25104FE500984C25 /* Saving APOD.app */ = {isa = PBXFileReference; explicitFileType = wrapper.application; includeInIndex = 0; path = "Saving APOD.app"; sourceTree = BUILT_PRODUCTS_DIR; };
		A58CDB0F25104FE500984C25 /* AppDelegate.swift */ = {isa = PBXFileReference; lastKnownFileType = sourcecode.swift; path = AppDelegate.swift; sourceTree = "<group>"; };
		A58CDB1125104FE500984C25 /* SceneDelegate.swift */ = {isa = PBXFileReference; lastKnownFileType = sourcecode.swift; path = SceneDelegate.swift; sourceTree = "<group>"; };
		A58CDB1325104FE500984C25 /* ViewController.swift */ = {isa = PBXFileReference; lastKnownFileType = sourcecode.swift; path = ViewController.swift; sourceTree = "<group>"; };
		A58CDB1825104FE600984C25 /* Assets.xcassets */ = {isa = PBXFileReference; lastKnownFileType = folder.assetcatalog; path = Assets.xcassets; sourceTree = "<group>"; };
		A58CDB1B25104FE600984C25 /* Base */ = {isa = PBXFileReference; lastKnownFileType = file.storyboard; name = Base; path = Base.lproj/LaunchScreen.storyboard; sourceTree = "<group>"; };
		A58CDB1D25104FE600984C25 /* Info.plist */ = {isa = PBXFileReference; lastKnownFileType = text.plist.xml; path = Info.plist; sourceTree = "<group>"; };
		A58ED6C62525692D00A3449D /* SpinnerViewController.swift */ = {isa = PBXFileReference; lastKnownFileType = sourcecode.swift; path = SpinnerViewController.swift; sourceTree = "<group>"; };
/* End PBXFileReference section */

/* Begin PBXFrameworksBuildPhase section */
		A58CDB0925104FE500984C25 /* Frameworks */ = {
			isa = PBXFrameworksBuildPhase;
			buildActionMask = 2147483647;
			files = (
			);
			runOnlyForDeploymentPostprocessing = 0;
		};
/* End PBXFrameworksBuildPhase section */

/* Begin PBXGroup section */
		A58CDB0325104FE500984C25 = {
			isa = PBXGroup;
			children = (
				A58CDB0E25104FE500984C25 /* Saving APOD */,
				A58CDB0D25104FE500984C25 /* Products */,
			);
			sourceTree = "<group>";
		};
		A58CDB0D25104FE500984C25 /* Products */ = {
			isa = PBXGroup;
			children = (
				A58CDB0C25104FE500984C25 /* Saving APOD.app */,
			);
			name = Products;
			sourceTree = "<group>";
		};
		A58CDB0E25104FE500984C25 /* Saving APOD */ = {
			isa = PBXGroup;
			children = (
				A58CDB0F25104FE500984C25 /* AppDelegate.swift */,
				A58CDB1125104FE500984C25 /* SceneDelegate.swift */,
				A542FB82251C298400DD36AF /* API.swift */,
				A58CDB1325104FE500984C25 /* ViewController.swift */,
				A51FB7B02512FA3D00CEDC42 /* Main.storyboard */,
				A58ED6C62525692D00A3449D /* SpinnerViewController.swift */,
				A58CDB1825104FE600984C25 /* Assets.xcassets */,
				A51FB7AE2512F62300CEDC42 /* datePickerViewController.swift */,
				A58CDB1A25104FE600984C25 /* LaunchScreen.storyboard */,
				A58CDB1D25104FE600984C25 /* Info.plist */,
			);
			path = "Saving APOD";
			sourceTree = "<group>";
		};
/* End PBXGroup section */

/* Begin PBXNativeTarget section */
		A58CDB0B25104FE500984C25 /* Saving APOD */ = {
			isa = PBXNativeTarget;
			buildConfigurationList = A58CDB2025104FE600984C25 /* Build configuration list for PBXNativeTarget "Saving APOD" */;
			buildPhases = (
				A58CDB0825104FE500984C25 /* Sources */,
				A58CDB0925104FE500984C25 /* Frameworks */,
				A58CDB0A25104FE500984C25 /* Resources */,
			);
			buildRules = (
			);
			dependencies = (
			);
			name = "Saving APOD";
			productName = "Saving APOD";
			productReference = A58CDB0C25104FE500984C25 /* Saving APOD.app */;
			productType = "com.apple.product-type.application";
		};
/* End PBXNativeTarget section */

/* Begin PBXProject section */
		A58CDB0425104FE500984C25 /* Project object */ = {
			isa = PBXProject;
			attributes = {
				LastSwiftUpdateCheck = 1170;
				LastUpgradeCheck = 1170;
				ORGANIZATIONNAME = "Dustin McGuire";
				TargetAttributes = {
					A58CDB0B25104FE500984C25 = {
						CreatedOnToolsVersion = 11.7;
					};
				};
			};
			buildConfigurationList = A58CDB0725104FE500984C25 /* Build configuration list for PBXProject "Saving APOD" */;
			compatibilityVersion = "Xcode 9.3";
			developmentRegion = en;
			hasScannedForEncodings = 0;
			knownRegions = (
				en,
				Base,
			);
			mainGroup = A58CDB0325104FE500984C25;
			productRefGroup = A58CDB0D25104FE500984C25 /* Products */;
			projectDirPath = "";
			projectRoot = "";
			targets = (
				A58CDB0B25104FE500984C25 /* Saving APOD */,
			);
		};
/* End PBXProject section */

/* Begin PBXResourcesBuildPhase section */
		A58CDB0A25104FE500984C25 /* Resources */ = {
			isa = PBXResourcesBuildPhase;
			buildActionMask = 2147483647;
			files = (
				A51FB7B12512FA3D00CEDC42 /* Main.storyboard in Resources */,
				A58CDB1C25104FE600984C25 /* LaunchScreen.storyboard in Resources */,
				A58CDB1925104FE600984C25 /* Assets.xcassets in Resources */,
			);
			runOnlyForDeploymentPostprocessing = 0;
		};
/* End PBXResourcesBuildPhase section */

/* Begin PBXSourcesBuildPhase section */
		A58CDB0825104FE500984C25 /* Sources */ = {
			isa = PBXSourcesBuildPhase;
			buildActionMask = 2147483647;
			files = (
				A51FB7AF2512F62300CEDC42 /* datePickerViewController.swift in Sources */,
				A58CDB1425104FE500984C25 /* ViewController.swift in Sources */,
				A58CDB1025104FE500984C25 /* AppDelegate.swift in Sources */,
				A58CDB1225104FE500984C25 /* SceneDelegate.swift in Sources */,
				A58ED6C72525692D00A3449D /* SpinnerViewController.swift in Sources */,
				A542FB83251C298400DD36AF /* API.swift in Sources */,
			);
			runOnlyForDeploymentPostprocessing = 0;
		};
/* End PBXSourcesBuildPhase section */

/* Begin PBXVariantGroup section */
		A58CDB1A25104FE600984C25 /* LaunchScreen.storyboard */ = {
			isa = PBXVariantGroup;
			children = (
				A58CDB1B25104FE600984C25 /* Base */,
			);
			name = LaunchScreen.storyboard;
			sourceTree = "<group>";
		};
/* End PBXVariantGroup section */

/* Begin XCBuildConfiguration section */
		A58CDB1E25104FE600984C25 /* Debug */ = {
			isa = XCBuildConfiguration;
			buildSettings = {
				ALWAYS_SEARCH_USER_PATHS = NO;
				CLANG_ANALYZER_NONNULL = YES;
				CLANG_ANALYZER_NUMBER_OBJECT_CONVERSION = YES_AGGRESSIVE;
				CLANG_CXX_LANGUAGE_STANDARD = "gnu++14";
				CLANG_CXX_LIBRARY = "libc++";
				CLANG_ENABLE_MODULES = YES;
				CLANG_ENABLE_OBJC_ARC = YES;
				CLANG_ENABLE_OBJC_WEAK = YES;
				CLANG_WARN_BLOCK_CAPTURE_AUTORELEASING = YES;
				CLANG_WARN_BOOL_CONVERSION = YES;
				CLANG_WARN_COMMA = YES;
				CLANG_WARN_CONSTANT_CONVERSION = YES;
				CLANG_WARN_DEPRECATED_OBJC_IMPLEMENTATIONS = YES;
				CLANG_WARN_DIRECT_OBJC_ISA_USAGE = YES_ERROR;
				CLANG_WARN_DOCUMENTATION_COMMENTS = YES;
				CLANG_WARN_EMPTY_BODY = YES;
				CLANG_WARN_ENUM_CONVERSION = YES;
				CLANG_WARN_INFINITE_RECURSION = YES;
				CLANG_WARN_INT_CONVERSION = YES;
				CLANG_WARN_NON_LITERAL_NULL_CONVERSION = YES;
				CLANG_WARN_OBJC_IMPLICIT_RETAIN_SELF = YES;
				CLANG_WARN_OBJC_LITERAL_CONVERSION = YES;
				CLANG_WARN_OBJC_ROOT_CLASS = YES_ERROR;
				CLANG_WARN_RANGE_LOOP_ANALYSIS = YES;
				CLANG_WARN_STRICT_PROTOTYPES = YES;
				CLANG_WARN_SUSPICIOUS_MOVE = YES;
				CLANG_WARN_UNGUARDED_AVAILABILITY = YES_AGGRESSIVE;
				CLANG_WARN_UNREACHABLE_CODE = YES;
				CLANG_WARN__DUPLICATE_METHOD_MATCH = YES;
				COPY_PHASE_STRIP = NO;
				DEBUG_INFORMATION_FORMAT = dwarf;
				ENABLE_STRICT_OBJC_MSGSEND = YES;
				ENABLE_TESTABILITY = YES;
				GCC_C_LANGUAGE_STANDARD = gnu11;
				GCC_DYNAMIC_NO_PIC = NO;
				GCC_NO_COMMON_BLOCKS = YES;
				GCC_OPTIMIZATION_LEVEL = 0;
				GCC_PREPROCESSOR_DEFINITIONS = (
					"DEBUG=1",
					"$(inherited)",
				);
				GCC_WARN_64_TO_32_BIT_CONVERSION = YES;
				GCC_WARN_ABOUT_RETURN_TYPE = YES_ERROR;
				GCC_WARN_UNDECLARED_SELECTOR = YES;
				GCC_WARN_UNINITIALIZED_AUTOS = YES_AGGRESSIVE;
				GCC_WARN_UNUSED_FUNCTION = YES;
				GCC_WARN_UNUSED_VARIABLE = YES;
				IPHONEOS_DEPLOYMENT_TARGET = 13.7;
				MTL_ENABLE_DEBUG_INFO = INCLUDE_SOURCE;
				MTL_FAST_MATH = YES;
				ONLY_ACTIVE_ARCH = YES;
				SDKROOT = iphoneos;
				SWIFT_ACTIVE_COMPILATION_CONDITIONS = DEBUG;
				SWIFT_OPTIMIZATION_LEVEL = "-Onone";
			};
			name = Debug;
		};
		A58CDB1F25104FE600984C25 /* Release */ = {
			isa = XCBuildConfiguration;
			buildSettings = {
				ALWAYS_SEARCH_USER_PATHS = NO;
				CLANG_ANALYZER_NONNULL = YES;
				CLANG_ANALYZER_NUMBER_OBJECT_CONVERSION = YES_AGGRESSIVE;
				CLANG_CXX_LANGUAGE_STANDARD = "gnu++14";
				CLANG_CXX_LIBRARY = "libc++";
				CLANG_ENABLE_MODULES = YES;
				CLANG_ENABLE_OBJC_ARC = YES;
				CLANG_ENABLE_OBJC_WEAK = YES;
				CLANG_WARN_BLOCK_CAPTURE_AUTORELEASING = YES;
				CLANG_WARN_BOOL_CONVERSION = YES;
				CLANG_WARN_COMMA = YES;
				CLANG_WARN_CONSTANT_CONVERSION = YES;
				CLANG_WARN_DEPRECATED_OBJC_IMPLEMENTATIONS = YES;
				CLANG_WARN_DIRECT_OBJC_ISA_USAGE = YES_ERROR;
				CLANG_WARN_DOCUMENTATION_COMMENTS = YES;
				CLANG_WARN_EMPTY_BODY = YES;
				CLANG_WARN_ENUM_CONVERSION = YES;
				CLANG_WARN_INFINITE_RECURSION = YES;
				CLANG_WARN_INT_CONVERSION = YES;
				CLANG_WARN_NON_LITERAL_NULL_CONVERSION = YES;
				CLANG_WARN_OBJC_IMPLICIT_RETAIN_SELF = YES;
				CLANG_WARN_OBJC_LITERAL_CONVERSION = YES;
				CLANG_WARN_OBJC_ROOT_CLASS = YES_ERROR;
				CLANG_WARN_RANGE_LOOP_ANALYSIS = YES;
				CLANG_WARN_STRICT_PROTOTYPES = YES;
				CLANG_WARN_SUSPICIOUS_MOVE = YES;
				CLANG_WARN_UNGUARDED_AVAILABILITY = YES_AGGRESSIVE;
				CLANG_WARN_UNREACHABLE_CODE = YES;
				CLANG_WARN__DUPLICATE_METHOD_MATCH = YES;
				COPY_PHASE_STRIP = NO;
				DEBUG_INFORMATION_FORMAT = "dwarf-with-dsym";
				ENABLE_NS_ASSERTIONS = NO;
				ENABLE_STRICT_OBJC_MSGSEND = YES;
				GCC_C_LANGUAGE_STANDARD = gnu11;
				GCC_NO_COMMON_BLOCKS = YES;
				GCC_WARN_64_TO_32_BIT_CONVERSION = YES;
				GCC_WARN_ABOUT_RETURN_TYPE = YES_ERROR;
				GCC_WARN_UNDECLARED_SELECTOR = YES;
				GCC_WARN_UNINITIALIZED_AUTOS = YES_AGGRESSIVE;
				GCC_WARN_UNUSED_FUNCTION = YES;
				GCC_WARN_UNUSED_VARIABLE = YES;
				IPHONEOS_DEPLOYMENT_TARGET = 13.7;
				MTL_ENABLE_DEBUG_INFO = NO;
				MTL_FAST_MATH = YES;
				SDKROOT = iphoneos;
				SWIFT_COMPILATION_MODE = wholemodule;
				SWIFT_OPTIMIZATION_LEVEL = "-O";
				VALIDATE_PRODUCT = YES;
			};
			name = Release;
		};
		A58CDB2125104FE600984C25 /* Debug */ = {
			isa = XCBuildConfiguration;
			buildSettings = {
				ASSETCATALOG_COMPILER_APPICON_NAME = AppIcon;
				CODE_SIGN_STYLE = Automatic;
				INFOPLIST_FILE = "Saving APOD/Info.plist";
				IPHONEOS_DEPLOYMENT_TARGET = 13.6;
				LD_RUNPATH_SEARCH_PATHS = (
					"$(inherited)",
					"@executable_path/Frameworks",
				);
				PRODUCT_BUNDLE_IDENTIFIER = "Udacity.Saving-APOD";
				PRODUCT_NAME = "$(TARGET_NAME)";
				SWIFT_VERSION = 5.0;
				TARGETED_DEVICE_FAMILY = "1,2";
			};
			name = Debug;
		};
		A58CDB2225104FE600984C25 /* Release */ = {
			isa = XCBuildConfiguration;
			buildSettings = {
				ASSETCATALOG_COMPILER_APPICON_NAME = AppIcon;
				CODE_SIGN_STYLE = Automatic;
				INFOPLIST_FILE = "Saving APOD/Info.plist";
				IPHONEOS_DEPLOYMENT_TARGET = 13.6;
				LD_RUNPATH_SEARCH_PATHS = (
					"$(inherited)",
					"@executable_path/Frameworks",
				);
				PRODUCT_BUNDLE_IDENTIFIER = "Udacity.Saving-APOD";
				PRODUCT_NAME = "$(TARGET_NAME)";
				SWIFT_VERSION = 5.0;
				TARGETED_DEVICE_FAMILY = "1,2";
			};
			name = Release;
		};
/* End XCBuildConfiguration section */

/* Begin XCConfigurationList section */
		A58CDB0725104FE500984C25 /* Build configuration list for PBXProject "Saving APOD" */ = {
			isa = XCConfigurationList;
			buildConfigurations = (
				A58CDB1E25104FE600984C25 /* Debug */,
				A58CDB1F25104FE600984C25 /* Release */,
			);
			defaultConfigurationIsVisible = 0;
			defaultConfigurationName = Release;
		};
		A58CDB2025104FE600984C25 /* Build configuration list for PBXNativeTarget "Saving APOD" */ = {
			isa = XCConfigurationList;
			buildConfigurations = (
				A58CDB2125104FE600984C25 /* Debug */,
				A58CDB2225104FE600984C25 /* Release */,
			);
			defaultConfigurationIsVisible = 0;
			defaultConfigurationName = Release;
		};
/* End XCConfigurationList section */
	};
	rootObject = A58CDB0425104FE500984C25 /* Project object */;
}
